
Microsoft Visual Studio Solution File, Format Version 12.00
# Visual Studio 14
VisualStudioVersion = 14.0.25420.1
MinimumVisualStudioVersion = 10.0.40219.1
Project("{2150E333-8FDC-42A3-9474-1A3956D46DE8}") = "src", "src", "{5970288A-1842-4525-8E44-E301D6C955D8}"
EndProject
Project("{2150E333-8FDC-42A3-9474-1A3956D46DE8}") = "Solution Items", "Solution Items", "{7ECDC797-4454-443F-87F4-55B3F7697682}"
	ProjectSection(SolutionItems) = preProject
		global.json = global.json
	EndProjectSection
EndProject
Project("{8BB2217D-0F2D-49D1-97BC-3654ED321F3B}") = "WebApplication4", "src\WebApplication4\WebApplication4.xproj", "{08A601B4-C1F8-4989-8A7B-D7B4BED713E1}"
EndProject
Global
	GlobalSection(SolutionConfigurationPlatforms) = preSolution
		Debug|Any CPU = Debug|Any CPU
		Release|Any CPU = Release|Any CPU
	EndGlobalSection
	GlobalSection(ProjectConfigurationPlatforms) = postSolution
		{08A601B4-C1F8-4989-8A7B-D7B4BED713E1}.Debug|Any CPU.ActiveCfg = Debug|Any CPU
		{08A601B4-C1F8-4989-8A7B-D7B4BED713E1}.Debug|Any CPU.Build.0 = Debug|Any CPU
		{08A601B4-C1F8-4989-8A7B-D7B4BED713E1}.Release|Any CPU.ActiveCfg = Release|Any CPU
		{08A601B4-C1F8-4989-8A7B-D7B4BED713E1}.Release|Any CPU.Build.0 = Release|Any CPU
	EndGlobalSection
	GlobalSection(SolutionProperties) = preSolution
		HideSolutionNode = FALSE
	EndGlobalSection
	GlobalSection(NestedProjects) = preSolution
		{08A601B4-C1F8-4989-8A7B-D7B4BED713E1} = {5970288A-1842-4525-8E44-E301D6C955D8}
	EndGlobalSection
EndGlobal
