
Microsoft Visual Studio Solution File, Format Version 12.00
# Visual Studio 14
VisualStudioVersion = 14.0.25420.1
MinimumVisualStudioVersion = 10.0.40219.1
Project("{2150E333-8FDC-42A3-9474-1A3956D46DE8}") = "src", "src", "{6FE5B30B-A5A0-4FF9-A01E-201280513D0B}"
EndProject
Project("{2150E333-8FDC-42A3-9474-1A3956D46DE8}") = "Solution Items", "Solution Items", "{441920EE-E835-41D3-A5A7-63C1C6607AFE}"
	ProjectSection(SolutionItems) = preProject
		global.json = global.json
	EndProjectSection
EndProject
Project("{8BB2217D-0F2D-49D1-97BC-3654ED321F3B}") = "WebApplication2", "src\WebApplication2\WebApplication2.xproj", "{173C7FDB-4B6E-48B1-B2C2-782EC8A5B244}"
EndProject
Global
	GlobalSection(SolutionConfigurationPlatforms) = preSolution
		Debug|Any CPU = Debug|Any CPU
		Release|Any CPU = Release|Any CPU
	EndGlobalSection
	GlobalSection(ProjectConfigurationPlatforms) = postSolution
		{173C7FDB-4B6E-48B1-B2C2-782EC8A5B244}.Debug|Any CPU.ActiveCfg = Debug|Any CPU
		{173C7FDB-4B6E-48B1-B2C2-782EC8A5B244}.Debug|Any CPU.Build.0 = Debug|Any CPU
		{173C7FDB-4B6E-48B1-B2C2-782EC8A5B244}.Release|Any CPU.ActiveCfg = Release|Any CPU
		{173C7FDB-4B6E-48B1-B2C2-782EC8A5B244}.Release|Any CPU.Build.0 = Release|Any CPU
	EndGlobalSection
	GlobalSection(SolutionProperties) = preSolution
		HideSolutionNode = FALSE
	EndGlobalSection
	GlobalSection(NestedProjects) = preSolution
		{173C7FDB-4B6E-48B1-B2C2-782EC8A5B244} = {6FE5B30B-A5A0-4FF9-A01E-201280513D0B}
	EndGlobalSection
EndGlobal
